
Microsoft Visual Studio Solution File, Format Version 12.00
# Visual Studio 15
VisualStudioVersion = 15.0.28010.2016
MinimumVisualStudioVersion = 10.0.40219.1
Project("{FAE04EC0-301F-11D3-BF4B-00C04F79EFBC}") = "Html5Application", "Html5Application\Html5Application.csproj", "{354A92A9-27B6-406C-A151-E353A35A692F}"
EndProject
Global
	GlobalSection(SolutionConfigurationPlatforms) = preSolution
		Debug|Any CPU = Debug|Any CPU
		Release|Any CPU = Release|Any CPU
	EndGlobalSection
	GlobalSection(ProjectConfigurationPlatforms) = postSolution
		{354A92A9-27B6-406C-A151-E353A35A692F}.Debug|Any CPU.ActiveCfg = Debug|Any CPU
		{354A92A9-27B6-406C-A151-E353A35A692F}.Debug|Any CPU.Build.0 = Debug|Any CPU
		{354A92A9-27B6-406C-A151-E353A35A692F}.Release|Any CPU.ActiveCfg = Release|Any CPU
		{354A92A9-27B6-406C-A151-E353A35A692F}.Release|Any CPU.Build.0 = Release|Any CPU
	EndGlobalSection
	GlobalSection(SolutionProperties) = preSolution
		HideSolutionNode = FALSE
	EndGlobalSection
	GlobalSection(ExtensibilityGlobals) = postSolution
		SolutionGuid = {49769340-F908-4EB8-9012-28B227257776}
	EndGlobalSection
EndGlobal
